{
  "lockfile_version": "1",
  "packages": {
    "github:NixOS/nixpkgs/nixpkgs-unstable": {
      "last_modified": "2025-05-25T15:24:27Z",
      "resolved": "github:NixOS/nixpkgs/bdac72d387dca7f836f6ef1fe547755fb0e9df61?lastModified=1748186667&narHash=sha256-UQubDNIQ%2FZ42R8tPCIpY%2BBOhlxO8t8ZojwC9o2FW3c8%3D"
    },
    "nodejs@latest": {
      "last_modified": "2025-05-29T08:12:58Z",
      "plugin_version": "0.0.2",
      "resolved": "github:NixOS/nixpkgs/3866ad91cfc172f08a6839def503d8fc2923c603#nodejs_24",
      "source": "devbox-search",
      "version": "24.1.0",
      "systems": {
        "aarch64-darwin": {
          "outputs": [
            {
              "name": "out",
              "path": "/nix/store/2q5an9rpdq4vhc5ag04ajxnzxxqsqchq-nodejs-24.1.0",
              "default": true
            },
            {
              "name": "dev",
              "path": "/nix/store/hb25vqffnqd3hl7glmm1y4n54bmpfppr-nodejs-24.1.0-dev"
            },
            {
              "name": "libv8",
              "path": "/nix/store/jw04y4lzw7x0v2yh437s3l6cri5l50vv-nodejs-24.1.0-libv8"
            }
          ],
          "store_path": "/nix/store/2q5an9rpdq4vhc5ag04ajxnzxxqsqchq-nodejs-24.1.0"
        },
        "aarch64-linux": {
          "outputs": [
            {
              "name": "out",
              "path": "/nix/store/1ypnf27d1amna71zl7jgjpli4r2xqzx9-nodejs-24.1.0",
              "default": true
            },
            {
              "name": "libv8",
              "path": "/nix/store/z1cbkwmgw0f94rhvc40v3k8z1rg9zkzf-nodejs-24.1.0-libv8"
            },
            {
              "name": "dev",
              "path": "/nix/store/3alphvmg91jin165pj9q5zfk7j40azbg-nodejs-24.1.0-dev"
            }
          ],
          "store_path": "/nix/store/1ypnf27d1amna71zl7jgjpli4r2xqzx9-nodejs-24.1.0"
        },
        "x86_64-darwin": {
          "outputs": [
            {
              "name": "out",
              "path": "/nix/store/plga9910l27vbg30ajmdsmccyj2a3pxm-nodejs-24.1.0",
              "default": true
            },
            {
              "name": "dev",
              "path": "/nix/store/4b8xp5vrd08ca1im5b607x1wwvy4njjx-nodejs-24.1.0-dev"
            },
            {
              "name": "libv8",
              "path": "/nix/store/d6cq633qq8jr8liaip97fjwpv9r15ivb-nodejs-24.1.0-libv8"
            }
          ],
          "store_path": "/nix/store/plga9910l27vbg30ajmdsmccyj2a3pxm-nodejs-24.1.0"
        },
        "x86_64-linux": {
          "outputs": [
            {
              "name": "out",
              "path": "/nix/store/wnayblhh0555nwfccnzcqkzph52y4yby-nodejs-24.1.0",
              "default": true
            },
            {
              "name": "libv8",
              "path": "/nix/store/4paqvzbw7jjzvn64liv5wwzc7fdsr7k7-nodejs-24.1.0-libv8"
            },
            {
              "name": "dev",
              "path": "/nix/store/8ydr7k53w188y9fhskl7ahl8ibchx7w8-nodejs-24.1.0-dev"
            }
          ],
          "store_path": "/nix/store/wnayblhh0555nwfccnzcqkzph52y4yby-nodejs-24.1.0"
        }
      }
    },
    "sqlite@latest": {
      "last_modified": "2025-05-29T08:12:58Z",
      "resolved": "github:NixOS/nixpkgs/3866ad91cfc172f08a6839def503d8fc2923c603#sqlite",
      "source": "devbox-search",
      "version": "3.48.0",
      "systems": {
        "aarch64-darwin": {
          "outputs": [
            {
              "name": "bin",
              "path": "/nix/store/cq20rd1ci51s72zv7k29h63clrj6rl0l-sqlite-3.48.0-bin",
              "default": true
            },
            {
              "name": "man",
              "path": "/nix/store/sal36w50bf6hlv076n4bypsyk51rn3ki-sqlite-3.48.0-man",
              "default": true
            },
            {
              "name": "dev",
              "path": "/nix/store/i30kh3xb6miyckm5nq554lmwfgciyxb7-sqlite-3.48.0-dev"
            },
            {
              "name": "doc",
              "path": "/nix/store/hxvmkk8icrgshsdg39qlsn9bia3dz41z-sqlite-3.48.0-doc"
            },
            {
              "name": "out",
              "path": "/nix/store/3q2bsgj3rpj8xksh6zgscwv3g1mzcjxy-sqlite-3.48.0"
            }
          ],
          "store_path": "/nix/store/cq20rd1ci51s72zv7k29h63clrj6rl0l-sqlite-3.48.0-bin"
        },
        "aarch64-linux": {
          "outputs": [
            {
              "name": "bin",
              "path": "/nix/store/j9gsxv41ravm46zxkq6bz0kih7vikf2q-sqlite-3.48.0-bin",
              "default": true
            },
            {
              "name": "man",
              "path": "/nix/store/53xmz12n4qch61r792wvlm8aaw88r2mv-sqlite-3.48.0-man",
              "default": true
            },
            {
              "name": "debug",
              "path": "/nix/store/cchzb2prmi3b93r0n252nj9kmi8sq15h-sqlite-3.48.0-debug"
            },
            {
              "name": "dev",
              "path": "/nix/store/qq5r0v7w2knd099ih1yi705sgqb6xrq4-sqlite-3.48.0-dev"
            },
            {
              "name": "doc",
              "path": "/nix/store/dy5bgi74fdcyrvsqljcm71ys8vln6jwq-sqlite-3.48.0-doc"
            },
            {
              "name": "out",
              "path": "/nix/store/nzzrpcj9r48kq73fwibjxbwpnykrj5rf-sqlite-3.48.0"
            }
          ],
          "store_path": "/nix/store/j9gsxv41ravm46zxkq6bz0kih7vikf2q-sqlite-3.48.0-bin"
        },
        "x86_64-darwin": {
          "outputs": [
            {
              "name": "bin",
              "path": "/nix/store/whxzqmryz1s807f9difm7sbky86p0mpl-sqlite-3.48.0-bin",
              "default": true
            },
            {
              "name": "man",
              "path": "/nix/store/c1q9an2k734218s47hsb3w7ppa5pdpgz-sqlite-3.48.0-man",
              "default": true
            },
            {
              "name": "out",
              "path": "/nix/store/9wjh0cydjvncz80x3l3flw67rvq6jwdq-sqlite-3.48.0"
            },
            {
              "name": "dev",
              "path": "/nix/store/2p883ilw7k58sq8hwcnl519di738wxp0-sqlite-3.48.0-dev"
            },
            {
              "name": "doc",
              "path": "/nix/store/dz22l0c3h2gxvzx45vkwcwd3sr0mvjs5-sqlite-3.48.0-doc"
            }
          ],
          "store_path": "/nix/store/whxzqmryz1s807f9difm7sbky86p0mpl-sqlite-3.48.0-bin"
        },
        "x86_64-linux": {
          "outputs": [
            {
              "name": "bin",
              "path": "/nix/store/b83kagl3d98zf8dbvh52lw4xg881bhkf-sqlite-3.48.0-bin",
              "default": true
            },
            {
              "name": "man",
              "path": "/nix/store/xrjy0a756pb41qq9a38lqvy2m7jd78p5-sqlite-3.48.0-man",
              "default": true
            },
            {
              "name": "out",
              "path": "/nix/store/yfjzkkkyxcalyj7l1n4d4y6s81i65hmy-sqlite-3.48.0"
            },
            {
              "name": "debug",
              "path": "/nix/store/719sjqlrhmrn02079dam88m0ch4gwm7h-sqlite-3.48.0-debug"
            },
            {
              "name": "dev",
              "path": "/nix/store/92gwa4j45skp8d096csmnj2a8jcn0q9w-sqlite-3.48.0-dev"
            },
            {
              "name": "doc",
              "path": "/nix/store/a0h09d196h7j564mrcy15bldd95blw7j-sqlite-3.48.0-doc"
            }
          ],
          "store_path": "/nix/store/b83kagl3d98zf8dbvh52lw4xg881bhkf-sqlite-3.48.0-bin"
        }
      }
    }
  }
}
